
Microsoft Visual Studio Solution File, Format Version 12.00
# Visual Studio Version 17
VisualStudioVersion = 17.5.33530.505
MinimumVisualStudioVersion = 10.0.40219.1
Project("{8BC9CEB8-8B4A-11D0-8D11-00A0C91BC942}") = "oop-lab3", "oop-lab3\oop-lab3.vcxproj", "{DE8B5849-4F16-4F4E-BD9D-E12EFF290ACA}"
EndProject
Global
	GlobalSection(SolutionConfigurationPlatforms) = preSolution
		Debug|x64 = Debug|x64
		Debug|x86 = Debug|x86
		Release|x64 = Release|x64
		Release|x86 = Release|x86
	EndGlobalSection
	GlobalSection(ProjectConfigurationPlatforms) = postSolution
		{DE8B5849-4F16-4F4E-BD9D-E12EFF290ACA}.Debug|x64.ActiveCfg = Debug|x64
		{DE8B5849-4F16-4F4E-BD9D-E12EFF290ACA}.Debug|x64.Build.0 = Debug|x64
		{DE8B5849-4F16-4F4E-BD9D-E12EFF290ACA}.Debug|x86.ActiveCfg = Debug|Win32
		{DE8B5849-4F16-4F4E-BD9D-E12EFF290ACA}.Debug|x86.Build.0 = Debug|Win32
		{DE8B5849-4F16-4F4E-BD9D-E12EFF290ACA}.Release|x64.ActiveCfg = Release|x64
		{DE8B5849-4F16-4F4E-BD9D-E12EFF290ACA}.Release|x64.Build.0 = Release|x64
		{DE8B5849-4F16-4F4E-BD9D-E12EFF290ACA}.Release|x86.ActiveCfg = Release|Win32
		{DE8B5849-4F16-4F4E-BD9D-E12EFF290ACA}.Release|x86.Build.0 = Release|Win32
	EndGlobalSection
	GlobalSection(SolutionProperties) = preSolution
		HideSolutionNode = FALSE
	EndGlobalSection
	GlobalSection(ExtensibilityGlobals) = postSolution
		SolutionGuid = {4ED61ED6-95F1-4B31-9263-01941C3333CB}
	EndGlobalSection
EndGlobal
